
Microsoft Visual Studio Solution File, Format Version 12.00
# Visual Studio Version 17
VisualStudioVersion = 17.9.34714.143
MinimumVisualStudioVersion = 10.0.40219.1
Project("{8BC9CEB8-8B4A-11D0-8D11-00A0C91BC942}") = "Animals", "Animals\Animals.vcxproj", "{32C39204-7674-47E4-8BE0-38FC12BAD4F1}"
EndProject
Global
	GlobalSection(SolutionConfigurationPlatforms) = preSolution
		Debug|x64 = Debug|x64
		Debug|x86 = Debug|x86
		Release|x64 = Release|x64
		Release|x86 = Release|x86
	EndGlobalSection
	GlobalSection(ProjectConfigurationPlatforms) = postSolution
		{32C39204-7674-47E4-8BE0-38FC12BAD4F1}.Debug|x64.ActiveCfg = Debug|x64
		{32C39204-7674-47E4-8BE0-38FC12BAD4F1}.Debug|x64.Build.0 = Debug|x64
		{32C39204-7674-47E4-8BE0-38FC12BAD4F1}.Debug|x86.ActiveCfg = Debug|Win32
		{32C39204-7674-47E4-8BE0-38FC12BAD4F1}.Debug|x86.Build.0 = Debug|Win32
		{32C39204-7674-47E4-8BE0-38FC12BAD4F1}.Release|x64.ActiveCfg = Release|x64
		{32C39204-7674-47E4-8BE0-38FC12BAD4F1}.Release|x64.Build.0 = Release|x64
		{32C39204-7674-47E4-8BE0-38FC12BAD4F1}.Release|x86.ActiveCfg = Release|Win32
		{32C39204-7674-47E4-8BE0-38FC12BAD4F1}.Release|x86.Build.0 = Release|Win32
	EndGlobalSection
	GlobalSection(SolutionProperties) = preSolution
		HideSolutionNode = FALSE
	EndGlobalSection
	GlobalSection(ExtensibilityGlobals) = postSolution
		SolutionGuid = {95BA4F83-B1FA-4F42-8B76-99213C8611F0}
	EndGlobalSection
EndGlobal
