
Microsoft Visual Studio Solution File, Format Version 12.00
# Visual Studio Version 17
VisualStudioVersion = 17.9.34714.143
MinimumVisualStudioVersion = 10.0.40219.1
Project("{8BC9CEB8-8B4A-11D0-8D11-00A0C91BC942}") = "ExercitiuCarti", "ExercitiuCarti\ExercitiuCarti.vcxproj", "{BE7E6D20-46A5-4CF5-927B-52D0F3368403}"
EndProject
Global
	GlobalSection(SolutionConfigurationPlatforms) = preSolution
		Debug|x64 = Debug|x64
		Debug|x86 = Debug|x86
		Release|x64 = Release|x64
		Release|x86 = Release|x86
	EndGlobalSection
	GlobalSection(ProjectConfigurationPlatforms) = postSolution
		{BE7E6D20-46A5-4CF5-927B-52D0F3368403}.Debug|x64.ActiveCfg = Debug|x64
		{BE7E6D20-46A5-4CF5-927B-52D0F3368403}.Debug|x64.Build.0 = Debug|x64
		{BE7E6D20-46A5-4CF5-927B-52D0F3368403}.Debug|x86.ActiveCfg = Debug|Win32
		{BE7E6D20-46A5-4CF5-927B-52D0F3368403}.Debug|x86.Build.0 = Debug|Win32
		{BE7E6D20-46A5-4CF5-927B-52D0F3368403}.Release|x64.ActiveCfg = Release|x64
		{BE7E6D20-46A5-4CF5-927B-52D0F3368403}.Release|x64.Build.0 = Release|x64
		{BE7E6D20-46A5-4CF5-927B-52D0F3368403}.Release|x86.ActiveCfg = Release|Win32
		{BE7E6D20-46A5-4CF5-927B-52D0F3368403}.Release|x86.Build.0 = Release|Win32
	EndGlobalSection
	GlobalSection(SolutionProperties) = preSolution
		HideSolutionNode = FALSE
	EndGlobalSection
	GlobalSection(ExtensibilityGlobals) = postSolution
		SolutionGuid = {CF04BD7C-DF82-42DC-B800-E47A6F122F5D}
	EndGlobalSection
EndGlobal
